
Microsoft Visual Studio Solution File, Format Version 12.00
# Visual Studio Version 16
VisualStudioVersion = 16.0.30001.183
MinimumVisualStudioVersion = 10.0.40219.1
Project("{FAE04EC0-301F-11D3-BF4B-00C04F79EFBC}") = "FillReleaseMemoryApp", "FillReleaseMemoryApp\FillReleaseMemoryApp.csproj", "{539C07E6-7512-4AC4-B576-1C98B5EC9EDF}"
EndProject
Project("{E53339B2-1760-4266-BCC7-CA923CBCF16C}") = "docker-compose", "docker-compose.dcproj", "{2E102F0A-6B1C-4519-B670-0C3058F28D9F}"
EndProject
Global
	GlobalSection(SolutionConfigurationPlatforms) = preSolution
		Debug|Any CPU = Debug|Any CPU
		Release|Any CPU = Release|Any CPU
	EndGlobalSection
	GlobalSection(ProjectConfigurationPlatforms) = postSolution
		{539C07E6-7512-4AC4-B576-1C98B5EC9EDF}.Debug|Any CPU.ActiveCfg = Debug|Any CPU
		{539C07E6-7512-4AC4-B576-1C98B5EC9EDF}.Debug|Any CPU.Build.0 = Debug|Any CPU
		{539C07E6-7512-4AC4-B576-1C98B5EC9EDF}.Release|Any CPU.ActiveCfg = Release|Any CPU
		{539C07E6-7512-4AC4-B576-1C98B5EC9EDF}.Release|Any CPU.Build.0 = Release|Any CPU
		{2E102F0A-6B1C-4519-B670-0C3058F28D9F}.Debug|Any CPU.ActiveCfg = Debug|Any CPU
		{2E102F0A-6B1C-4519-B670-0C3058F28D9F}.Debug|Any CPU.Build.0 = Debug|Any CPU
		{2E102F0A-6B1C-4519-B670-0C3058F28D9F}.Release|Any CPU.ActiveCfg = Release|Any CPU
		{2E102F0A-6B1C-4519-B670-0C3058F28D9F}.Release|Any CPU.Build.0 = Release|Any CPU
	EndGlobalSection
	GlobalSection(SolutionProperties) = preSolution
		HideSolutionNode = FALSE
	EndGlobalSection
	GlobalSection(ExtensibilityGlobals) = postSolution
		SolutionGuid = {78A8DF8C-054E-4542-AF92-DAAC75339528}
	EndGlobalSection
EndGlobal
